
Microsoft Visual Studio Solution File, Format Version 12.00
# Visual Studio Version 17
VisualStudioVersion = 17.1.32210.238
MinimumVisualStudioVersion = 10.0.40219.1
Project("{FAE04EC0-301F-11D3-BF4B-00C04F79EFBC}") = "Moonraker Taskbar Icon", "Moonraker Taskbar Icon\Moonraker Taskbar Icon.csproj", "{B4FCA5BF-794D-4BB5-BE8A-A09B9E61B600}"
EndProject
Global
	GlobalSection(SolutionConfigurationPlatforms) = preSolution
		Debug|Any CPU = Debug|Any CPU
		Release|Any CPU = Release|Any CPU
	EndGlobalSection
	GlobalSection(ProjectConfigurationPlatforms) = postSolution
		{B4FCA5BF-794D-4BB5-BE8A-A09B9E61B600}.Debug|Any CPU.ActiveCfg = Debug|Any CPU
		{B4FCA5BF-794D-4BB5-BE8A-A09B9E61B600}.Debug|Any CPU.Build.0 = Debug|Any CPU
		{B4FCA5BF-794D-4BB5-BE8A-A09B9E61B600}.Release|Any CPU.ActiveCfg = Release|Any CPU
		{B4FCA5BF-794D-4BB5-BE8A-A09B9E61B600}.Release|Any CPU.Build.0 = Release|Any CPU
	EndGlobalSection
	GlobalSection(SolutionProperties) = preSolution
		HideSolutionNode = FALSE
	EndGlobalSection
	GlobalSection(ExtensibilityGlobals) = postSolution
		SolutionGuid = {D92216FB-6F4B-4887-89FA-440D5F68B3F9}
	EndGlobalSection
EndGlobal
